
Microsoft Visual Studio Solution File, Format Version 12.00
# Visual Studio 15
VisualStudioVersion = 15.0.27130.2026
MinimumVisualStudioVersion = 10.0.40219.1
Project("{FAE04EC0-301F-11D3-BF4B-00C04F79EFBC}") = "ChatApplication", "ChatApplication\ChatApplication.csproj", "{ACD976AB-2868-4B7E-938E-0973A20BC3A3}"
EndProject
Project("{54435603-DBB4-11D2-8724-00A0C9A8B90C}") = "SetupChat", "SetupChat\SetupChat.vdproj", "{5566F283-3354-4C48-A352-5154BA235B67}"
EndProject
Global
	GlobalSection(SolutionConfigurationPlatforms) = preSolution
		Debug|Any CPU = Debug|Any CPU
		Release|Any CPU = Release|Any CPU
	EndGlobalSection
	GlobalSection(ProjectConfigurationPlatforms) = postSolution
		{ACD976AB-2868-4B7E-938E-0973A20BC3A3}.Debug|Any CPU.ActiveCfg = Debug|Any CPU
		{ACD976AB-2868-4B7E-938E-0973A20BC3A3}.Debug|Any CPU.Build.0 = Debug|Any CPU
		{ACD976AB-2868-4B7E-938E-0973A20BC3A3}.Release|Any CPU.ActiveCfg = Release|Any CPU
		{ACD976AB-2868-4B7E-938E-0973A20BC3A3}.Release|Any CPU.Build.0 = Release|Any CPU
		{5566F283-3354-4C48-A352-5154BA235B67}.Debug|Any CPU.ActiveCfg = Debug
		{5566F283-3354-4C48-A352-5154BA235B67}.Release|Any CPU.ActiveCfg = Release
	EndGlobalSection
	GlobalSection(SolutionProperties) = preSolution
		HideSolutionNode = FALSE
	EndGlobalSection
	GlobalSection(ExtensibilityGlobals) = postSolution
		SolutionGuid = {9AC59330-669F-491D-8DC6-900A27E89090}
	EndGlobalSection
EndGlobal
